
Microsoft Visual Studio Solution File, Format Version 12.00
# Visual Studio Version 16
VisualStudioVersion = 16.0.30225.117
MinimumVisualStudioVersion = 10.0.40219.1
Project("{888888A0-9F3D-457C-B088-3A5042F75D52}") = "PythonNote", "PythonNote\PythonNote.pyproj", "{2E8B9130-37A6-44B5-89B5-DE47BF38D4A6}"
EndProject
Global
	GlobalSection(SolutionConfigurationPlatforms) = preSolution
		Debug|Any CPU = Debug|Any CPU
		Release|Any CPU = Release|Any CPU
	EndGlobalSection
	GlobalSection(ProjectConfigurationPlatforms) = postSolution
		{2E8B9130-37A6-44B5-89B5-DE47BF38D4A6}.Debug|Any CPU.ActiveCfg = Debug|Any CPU
		{2E8B9130-37A6-44B5-89B5-DE47BF38D4A6}.Release|Any CPU.ActiveCfg = Release|Any CPU
	EndGlobalSection
	GlobalSection(SolutionProperties) = preSolution
		HideSolutionNode = FALSE
	EndGlobalSection
	GlobalSection(ExtensibilityGlobals) = postSolution
		SolutionGuid = {72776973-B611-4E9B-9C90-6E4F0FB58928}
	EndGlobalSection
EndGlobal
